// !$*UTF8*$!
{
	archiveVersion = 1;
	classes = {
	};
	objectVersion = 56;
	objects = {

/* Begin PBXBuildFile section */
		9E6506EC2C09E236009196C3 /* CustomColors.swift in Sources */ = {isa = PBXBuildFile; fileRef = 9E6506EB2C09E236009196C3 /* CustomColors.swift */; };
		9E6506EE2C09EC42009196C3 /* TabBarVCViewModel.swift in Sources */ = {isa = PBXBuildFile; fileRef = 9E6506ED2C09EC42009196C3 /* TabBarVCViewModel.swift */; };
		9E6506F02C09ED44009196C3 /* TableModel.swift in Sources */ = {isa = PBXBuildFile; fileRef = 9E6506EF2C09ED44009196C3 /* TableModel.swift */; };
		9E6506F22C09EDE6009196C3 /* SettingsVCViewModel.swift in Sources */ = {isa = PBXBuildFile; fileRef = 9E6506F12C09EDE6009196C3 /* SettingsVCViewModel.swift */; };
		9E6506F42C09F40E009196C3 /* EditorVCViewModel.swift in Sources */ = {isa = PBXBuildFile; fileRef = 9E6506F32C09F40E009196C3 /* EditorVCViewModel.swift */; };
		9E96DB822C07ADB300DF8C9F /* AppDelegate.swift in Sources */ = {isa = PBXBuildFile; fileRef = 9E96DB812C07ADB300DF8C9F /* AppDelegate.swift */; };
		9E96DB842C07ADB300DF8C9F /* SceneDelegate.swift in Sources */ = {isa = PBXBuildFile; fileRef = 9E96DB832C07ADB300DF8C9F /* SceneDelegate.swift */; };
		9E96DB8B2C07ADB600DF8C9F /* Assets.xcassets in Resources */ = {isa = PBXBuildFile; fileRef = 9E96DB8A2C07ADB600DF8C9F /* Assets.xcassets */; };
		9E96DB8E2C07ADB600DF8C9F /* Base in Resources */ = {isa = PBXBuildFile; fileRef = 9E96DB8D2C07ADB600DF8C9F /* Base */; };
		9E96DB962C07AEE500DF8C9F /* TabBarViewController.swift in Sources */ = {isa = PBXBuildFile; fileRef = 9E96DB952C07AEE500DF8C9F /* TabBarViewController.swift */; };
		9E96DB982C07AF1F00DF8C9F /* EditorViewController.swift in Sources */ = {isa = PBXBuildFile; fileRef = 9E96DB972C07AF1F00DF8C9F /* EditorViewController.swift */; };
		9E96DB9A2C07AF4400DF8C9F /* SettingsViewController.swift in Sources */ = {isa = PBXBuildFile; fileRef = 9E96DB992C07AF4400DF8C9F /* SettingsViewController.swift */; };
		9E96DB9C2C085F5E00DF8C9F /* SettingsTableViewCell.swift in Sources */ = {isa = PBXBuildFile; fileRef = 9E96DB9B2C085F5E00DF8C9F /* SettingsTableViewCell.swift */; };
		9E96DB9F2C085FC400DF8C9F /* SnapKit in Frameworks */ = {isa = PBXBuildFile; productRef = 9E96DB9E2C085FC400DF8C9F /* SnapKit */; };
/* End PBXBuildFile section */

/* Begin PBXFileReference section */
		9E6506EB2C09E236009196C3 /* CustomColors.swift */ = {isa = PBXFileReference; lastKnownFileType = sourcecode.swift; path = CustomColors.swift; sourceTree = "<group>"; };
		9E6506ED2C09EC42009196C3 /* TabBarVCViewModel.swift */ = {isa = PBXFileReference; lastKnownFileType = sourcecode.swift; path = TabBarVCViewModel.swift; sourceTree = "<group>"; };
		9E6506EF2C09ED44009196C3 /* TableModel.swift */ = {isa = PBXFileReference; lastKnownFileType = sourcecode.swift; path = TableModel.swift; sourceTree = "<group>"; };
		9E6506F12C09EDE6009196C3 /* SettingsVCViewModel.swift */ = {isa = PBXFileReference; lastKnownFileType = sourcecode.swift; path = SettingsVCViewModel.swift; sourceTree = "<group>"; };
		9E6506F32C09F40E009196C3 /* EditorVCViewModel.swift */ = {isa = PBXFileReference; lastKnownFileType = sourcecode.swift; path = EditorVCViewModel.swift; sourceTree = "<group>"; };
		9E96DB7E2C07ADB300DF8C9F /* PhotoEditor.app */ = {isa = PBXFileReference; explicitFileType = wrapper.application; includeInIndex = 0; path = PhotoEditor.app; sourceTree = BUILT_PRODUCTS_DIR; };
		9E96DB812C07ADB300DF8C9F /* AppDelegate.swift */ = {isa = PBXFileReference; lastKnownFileType = sourcecode.swift; path = AppDelegate.swift; sourceTree = "<group>"; };
		9E96DB832C07ADB300DF8C9F /* SceneDelegate.swift */ = {isa = PBXFileReference; lastKnownFileType = sourcecode.swift; path = SceneDelegate.swift; sourceTree = "<group>"; };
		9E96DB8A2C07ADB600DF8C9F /* Assets.xcassets */ = {isa = PBXFileReference; lastKnownFileType = folder.assetcatalog; path = Assets.xcassets; sourceTree = "<group>"; };
		9E96DB8D2C07ADB600DF8C9F /* Base */ = {isa = PBXFileReference; lastKnownFileType = file.storyboard; name = Base; path = Base.lproj/LaunchScreen.storyboard; sourceTree = "<group>"; };
		9E96DB8F2C07ADB600DF8C9F /* Info.plist */ = {isa = PBXFileReference; lastKnownFileType = text.plist.xml; path = Info.plist; sourceTree = "<group>"; };
		9E96DB952C07AEE500DF8C9F /* TabBarViewController.swift */ = {isa = PBXFileReference; lastKnownFileType = sourcecode.swift; path = TabBarViewController.swift; sourceTree = "<group>"; };
		9E96DB972C07AF1F00DF8C9F /* EditorViewController.swift */ = {isa = PBXFileReference; lastKnownFileType = sourcecode.swift; path = EditorViewController.swift; sourceTree = "<group>"; };
		9E96DB992C07AF4400DF8C9F /* SettingsViewController.swift */ = {isa = PBXFileReference; lastKnownFileType = sourcecode.swift; path = SettingsViewController.swift; sourceTree = "<group>"; };
		9E96DB9B2C085F5E00DF8C9F /* SettingsTableViewCell.swift */ = {isa = PBXFileReference; lastKnownFileType = sourcecode.swift; path = SettingsTableViewCell.swift; sourceTree = "<group>"; };
/* End PBXFileReference section */

/* Begin PBXFrameworksBuildPhase section */
		9E96DB7B2C07ADB300DF8C9F /* Frameworks */ = {
			isa = PBXFrameworksBuildPhase;
			buildActionMask = 2147483647;
			files = (
				9E96DB9F2C085FC400DF8C9F /* SnapKit in Frameworks */,
			);
			runOnlyForDeploymentPostprocessing = 0;
		};
/* End PBXFrameworksBuildPhase section */

/* Begin PBXGroup section */
		9E96DB752C07ADB300DF8C9F = {
			isa = PBXGroup;
			children = (
				9E96DB802C07ADB300DF8C9F /* PhotoEditor */,
				9E96DB7F2C07ADB300DF8C9F /* Products */,
			);
			sourceTree = "<group>";
		};
		9E96DB7F2C07ADB300DF8C9F /* Products */ = {
			isa = PBXGroup;
			children = (
				9E96DB7E2C07ADB300DF8C9F /* PhotoEditor.app */,
			);
			name = Products;
			sourceTree = "<group>";
		};
		9E96DB802C07ADB300DF8C9F /* PhotoEditor */ = {
			isa = PBXGroup;
			children = (
				9E96DBA12C08A75700DF8C9F /* Models */,
				9E96DBA22C08A75B00DF8C9F /* Views */,
				9E96DBA32C08A75E00DF8C9F /* ViewModels */,
				9E96DBA02C08A71600DF8C9F /* SupportFiles */,
			);
			path = PhotoEditor;
			sourceTree = "<group>";
		};
		9E96DBA02C08A71600DF8C9F /* SupportFiles */ = {
			isa = PBXGroup;
			children = (
				9E96DB812C07ADB300DF8C9F /* AppDelegate.swift */,
				9E96DB832C07ADB300DF8C9F /* SceneDelegate.swift */,
				9E96DB8A2C07ADB600DF8C9F /* Assets.xcassets */,
				9E96DB8C2C07ADB600DF8C9F /* LaunchScreen.storyboard */,
				9E96DB8F2C07ADB600DF8C9F /* Info.plist */,
				9E6506EB2C09E236009196C3 /* CustomColors.swift */,
			);
			path = SupportFiles;
			sourceTree = "<group>";
		};
		9E96DBA12C08A75700DF8C9F /* Models */ = {
			isa = PBXGroup;
			children = (
				9E6506EF2C09ED44009196C3 /* TableModel.swift */,
			);
			path = Models;
			sourceTree = "<group>";
		};
		9E96DBA22C08A75B00DF8C9F /* Views */ = {
			isa = PBXGroup;
			children = (
				9E96DB952C07AEE500DF8C9F /* TabBarViewController.swift */,
				9E96DB972C07AF1F00DF8C9F /* EditorViewController.swift */,
				9E96DB992C07AF4400DF8C9F /* SettingsViewController.swift */,
				9E96DB9B2C085F5E00DF8C9F /* SettingsTableViewCell.swift */,
			);
			path = Views;
			sourceTree = "<group>";
		};
		9E96DBA32C08A75E00DF8C9F /* ViewModels */ = {
			isa = PBXGroup;
			children = (
				9E6506ED2C09EC42009196C3 /* TabBarVCViewModel.swift */,
				9E6506F32C09F40E009196C3 /* EditorVCViewModel.swift */,
				9E6506F12C09EDE6009196C3 /* SettingsVCViewModel.swift */,
			);
			path = ViewModels;
			sourceTree = "<group>";
		};
/* End PBXGroup section */

/* Begin PBXNativeTarget section */
		9E96DB7D2C07ADB300DF8C9F /* PhotoEditor */ = {
			isa = PBXNativeTarget;
			buildConfigurationList = 9E96DB922C07ADB600DF8C9F /* Build configuration list for PBXNativeTarget "PhotoEditor" */;
			buildPhases = (
				9E96DB7A2C07ADB300DF8C9F /* Sources */,
				9E96DB7B2C07ADB300DF8C9F /* Frameworks */,
				9E96DB7C2C07ADB300DF8C9F /* Resources */,
			);
			buildRules = (
			);
			dependencies = (
			);
			name = PhotoEditor;
			packageProductDependencies = (
				9E96DB9E2C085FC400DF8C9F /* SnapKit */,
			);
			productName = PhotoEditor;
			productReference = 9E96DB7E2C07ADB300DF8C9F /* PhotoEditor.app */;
			productType = "com.apple.product-type.application";
		};
/* End PBXNativeTarget section */

/* Begin PBXProject section */
		9E96DB762C07ADB300DF8C9F /* Project object */ = {
			isa = PBXProject;
			attributes = {
				BuildIndependentTargetsInParallel = 1;
				LastSwiftUpdateCheck = 1540;
				LastUpgradeCheck = 1540;
				TargetAttributes = {
					9E96DB7D2C07ADB300DF8C9F = {
						CreatedOnToolsVersion = 15.4;
					};
				};
			};
			buildConfigurationList = 9E96DB792C07ADB300DF8C9F /* Build configuration list for PBXProject "PhotoEditor" */;
			compatibilityVersion = "Xcode 14.0";
			developmentRegion = en;
			hasScannedForEncodings = 0;
			knownRegions = (
				en,
				Base,
			);
			mainGroup = 9E96DB752C07ADB300DF8C9F;
			packageReferences = (
				9E96DB9D2C085FC400DF8C9F /* XCRemoteSwiftPackageReference "SnapKit" */,
			);
			productRefGroup = 9E96DB7F2C07ADB300DF8C9F /* Products */;
			projectDirPath = "";
			projectRoot = "";
			targets = (
				9E96DB7D2C07ADB300DF8C9F /* PhotoEditor */,
			);
		};
/* End PBXProject section */

/* Begin PBXResourcesBuildPhase section */
		9E96DB7C2C07ADB300DF8C9F /* Resources */ = {
			isa = PBXResourcesBuildPhase;
			buildActionMask = 2147483647;
			files = (
				9E96DB8B2C07ADB600DF8C9F /* Assets.xcassets in Resources */,
				9E96DB8E2C07ADB600DF8C9F /* Base in Resources */,
			);
			runOnlyForDeploymentPostprocessing = 0;
		};
/* End PBXResourcesBuildPhase section */

/* Begin PBXSourcesBuildPhase section */
		9E96DB7A2C07ADB300DF8C9F /* Sources */ = {
			isa = PBXSourcesBuildPhase;
			buildActionMask = 2147483647;
			files = (
				9E96DB962C07AEE500DF8C9F /* TabBarViewController.swift in Sources */,
				9E6506F42C09F40E009196C3 /* EditorVCViewModel.swift in Sources */,
				9E96DB822C07ADB300DF8C9F /* AppDelegate.swift in Sources */,
				9E6506EC2C09E236009196C3 /* CustomColors.swift in Sources */,
				9E6506EE2C09EC42009196C3 /* TabBarVCViewModel.swift in Sources */,
				9E96DB9C2C085F5E00DF8C9F /* SettingsTableViewCell.swift in Sources */,
				9E96DB982C07AF1F00DF8C9F /* EditorViewController.swift in Sources */,
				9E96DB842C07ADB300DF8C9F /* SceneDelegate.swift in Sources */,
				9E96DB9A2C07AF4400DF8C9F /* SettingsViewController.swift in Sources */,
				9E6506F22C09EDE6009196C3 /* SettingsVCViewModel.swift in Sources */,
				9E6506F02C09ED44009196C3 /* TableModel.swift in Sources */,
			);
			runOnlyForDeploymentPostprocessing = 0;
		};
/* End PBXSourcesBuildPhase section */

/* Begin PBXVariantGroup section */
		9E96DB8C2C07ADB600DF8C9F /* LaunchScreen.storyboard */ = {
			isa = PBXVariantGroup;
			children = (
				9E96DB8D2C07ADB600DF8C9F /* Base */,
			);
			name = LaunchScreen.storyboard;
			sourceTree = "<group>";
		};
/* End PBXVariantGroup section */

/* Begin XCBuildConfiguration section */
		9E96DB902C07ADB600DF8C9F /* Debug */ = {
			isa = XCBuildConfiguration;
			buildSettings = {
				ALWAYS_SEARCH_USER_PATHS = NO;
				ASSETCATALOG_COMPILER_GENERATE_SWIFT_ASSET_SYMBOL_EXTENSIONS = YES;
				CLANG_ANALYZER_NONNULL = YES;
				CLANG_ANALYZER_NUMBER_OBJECT_CONVERSION = YES_AGGRESSIVE;
				CLANG_CXX_LANGUAGE_STANDARD = "gnu++20";
				CLANG_ENABLE_MODULES = YES;
				CLANG_ENABLE_OBJC_ARC = YES;
				CLANG_ENABLE_OBJC_WEAK = YES;
				CLANG_WARN_BLOCK_CAPTURE_AUTORELEASING = YES;
				CLANG_WARN_BOOL_CONVERSION = YES;
				CLANG_WARN_COMMA = YES;
				CLANG_WARN_CONSTANT_CONVERSION = YES;
				CLANG_WARN_DEPRECATED_OBJC_IMPLEMENTATIONS = YES;
				CLANG_WARN_DIRECT_OBJC_ISA_USAGE = YES_ERROR;
				CLANG_WARN_DOCUMENTATION_COMMENTS = YES;
				CLANG_WARN_EMPTY_BODY = YES;
				CLANG_WARN_ENUM_CONVERSION = YES;
				CLANG_WARN_INFINITE_RECURSION = YES;
				CLANG_WARN_INT_CONVERSION = YES;
				CLANG_WARN_NON_LITERAL_NULL_CONVERSION = YES;
				CLANG_WARN_OBJC_IMPLICIT_RETAIN_SELF = YES;
				CLANG_WARN_OBJC_LITERAL_CONVERSION = YES;
				CLANG_WARN_OBJC_ROOT_CLASS = YES_ERROR;
				CLANG_WARN_QUOTED_INCLUDE_IN_FRAMEWORK_HEADER = YES;
				CLANG_WARN_RANGE_LOOP_ANALYSIS = YES;
				CLANG_WARN_STRICT_PROTOTYPES = YES;
				CLANG_WARN_SUSPICIOUS_MOVE = YES;
				CLANG_WARN_UNGUARDED_AVAILABILITY = YES_AGGRESSIVE;
				CLANG_WARN_UNREACHABLE_CODE = YES;
				CLANG_WARN__DUPLICATE_METHOD_MATCH = YES;
				COPY_PHASE_STRIP = NO;
				DEBUG_INFORMATION_FORMAT = dwarf;
				ENABLE_STRICT_OBJC_MSGSEND = YES;
				ENABLE_TESTABILITY = YES;
				ENABLE_USER_SCRIPT_SANDBOXING = YES;
				GCC_C_LANGUAGE_STANDARD = gnu17;
				GCC_DYNAMIC_NO_PIC = NO;
				GCC_NO_COMMON_BLOCKS = YES;
				GCC_OPTIMIZATION_LEVEL = 0;
				GCC_PREPROCESSOR_DEFINITIONS = (
					"DEBUG=1",
					"$(inherited)",
				);
				GCC_WARN_64_TO_32_BIT_CONVERSION = YES;
				GCC_WARN_ABOUT_RETURN_TYPE = YES_ERROR;
				GCC_WARN_UNDECLARED_SELECTOR = YES;
				GCC_WARN_UNINITIALIZED_AUTOS = YES_AGGRESSIVE;
				GCC_WARN_UNUSED_FUNCTION = YES;
				GCC_WARN_UNUSED_VARIABLE = YES;
				IPHONEOS_DEPLOYMENT_TARGET = 15.0;
				LOCALIZATION_PREFERS_STRING_CATALOGS = YES;
				MTL_ENABLE_DEBUG_INFO = INCLUDE_SOURCE;
				MTL_FAST_MATH = YES;
				ONLY_ACTIVE_ARCH = YES;
				SDKROOT = iphoneos;
				SWIFT_ACTIVE_COMPILATION_CONDITIONS = "DEBUG $(inherited)";
				SWIFT_OPTIMIZATION_LEVEL = "-Onone";
			};
			name = Debug;
		};
		9E96DB912C07ADB600DF8C9F /* Release */ = {
			isa = XCBuildConfiguration;
			buildSettings = {
				ALWAYS_SEARCH_USER_PATHS = NO;
				ASSETCATALOG_COMPILER_GENERATE_SWIFT_ASSET_SYMBOL_EXTENSIONS = YES;
				CLANG_ANALYZER_NONNULL = YES;
				CLANG_ANALYZER_NUMBER_OBJECT_CONVERSION = YES_AGGRESSIVE;
				CLANG_CXX_LANGUAGE_STANDARD = "gnu++20";
				CLANG_ENABLE_MODULES = YES;
				CLANG_ENABLE_OBJC_ARC = YES;
				CLANG_ENABLE_OBJC_WEAK = YES;
				CLANG_WARN_BLOCK_CAPTURE_AUTORELEASING = YES;
				CLANG_WARN_BOOL_CONVERSION = YES;
				CLANG_WARN_COMMA = YES;
				CLANG_WARN_CONSTANT_CONVERSION = YES;
				CLANG_WARN_DEPRECATED_OBJC_IMPLEMENTATIONS = YES;
				CLANG_WARN_DIRECT_OBJC_ISA_USAGE = YES_ERROR;
				CLANG_WARN_DOCUMENTATION_COMMENTS = YES;
				CLANG_WARN_EMPTY_BODY = YES;
				CLANG_WARN_ENUM_CONVERSION = YES;
				CLANG_WARN_INFINITE_RECURSION = YES;
				CLANG_WARN_INT_CONVERSION = YES;
				CLANG_WARN_NON_LITERAL_NULL_CONVERSION = YES;
				CLANG_WARN_OBJC_IMPLICIT_RETAIN_SELF = YES;
				CLANG_WARN_OBJC_LITERAL_CONVERSION = YES;
				CLANG_WARN_OBJC_ROOT_CLASS = YES_ERROR;
				CLANG_WARN_QUOTED_INCLUDE_IN_FRAMEWORK_HEADER = YES;
				CLANG_WARN_RANGE_LOOP_ANALYSIS = YES;
				CLANG_WARN_STRICT_PROTOTYPES = YES;
				CLANG_WARN_SUSPICIOUS_MOVE = YES;
				CLANG_WARN_UNGUARDED_AVAILABILITY = YES_AGGRESSIVE;
				CLANG_WARN_UNREACHABLE_CODE = YES;
				CLANG_WARN__DUPLICATE_METHOD_MATCH = YES;
				COPY_PHASE_STRIP = NO;
				DEBUG_INFORMATION_FORMAT = "dwarf-with-dsym";
				ENABLE_NS_ASSERTIONS = NO;
				ENABLE_STRICT_OBJC_MSGSEND = YES;
				ENABLE_USER_SCRIPT_SANDBOXING = YES;
				GCC_C_LANGUAGE_STANDARD = gnu17;
				GCC_NO_COMMON_BLOCKS = YES;
				GCC_WARN_64_TO_32_BIT_CONVERSION = YES;
				GCC_WARN_ABOUT_RETURN_TYPE = YES_ERROR;
				GCC_WARN_UNDECLARED_SELECTOR = YES;
				GCC_WARN_UNINITIALIZED_AUTOS = YES_AGGRESSIVE;
				GCC_WARN_UNUSED_FUNCTION = YES;
				GCC_WARN_UNUSED_VARIABLE = YES;
				IPHONEOS_DEPLOYMENT_TARGET = 15.0;
				LOCALIZATION_PREFERS_STRING_CATALOGS = YES;
				MTL_ENABLE_DEBUG_INFO = NO;
				MTL_FAST_MATH = YES;
				SDKROOT = iphoneos;
				SWIFT_COMPILATION_MODE = wholemodule;
				VALIDATE_PRODUCT = YES;
			};
			name = Release;
		};
		9E96DB932C07ADB600DF8C9F /* Debug */ = {
			isa = XCBuildConfiguration;
			buildSettings = {
				ASSETCATALOG_COMPILER_APPICON_NAME = AppIcon;
				ASSETCATALOG_COMPILER_GLOBAL_ACCENT_COLOR_NAME = AccentColor;
				CODE_SIGN_STYLE = Automatic;
				CURRENT_PROJECT_VERSION = 1;
				DEVELOPMENT_TEAM = 9S7L4X8YJ8;
				GENERATE_INFOPLIST_FILE = YES;
				INFOPLIST_FILE = PhotoEditor/SupportFiles/Info.plist;
				INFOPLIST_KEY_NSPhotoLibraryAddUsageDescription = "Can I save picture?";
				INFOPLIST_KEY_UIApplicationSupportsIndirectInputEvents = YES;
				INFOPLIST_KEY_UILaunchStoryboardName = LaunchScreen;
				INFOPLIST_KEY_UIMainStoryboardFile = "";
				INFOPLIST_KEY_UISupportedInterfaceOrientations = "UIInterfaceOrientationLandscapeLeft UIInterfaceOrientationLandscapeRight UIInterfaceOrientationPortrait";
				INFOPLIST_KEY_UISupportedInterfaceOrientations_iPad = "UIInterfaceOrientationLandscapeLeft UIInterfaceOrientationLandscapeRight UIInterfaceOrientationPortrait UIInterfaceOrientationPortraitUpsideDown";
				LD_RUNPATH_SEARCH_PATHS = (
					"$(inherited)",
					"@executable_path/Frameworks",
				);
				MARKETING_VERSION = 1.0;
				PRODUCT_BUNDLE_IDENTIFIER = com.PhotoEditor;
				PRODUCT_NAME = "$(TARGET_NAME)";
				SUPPORTED_PLATFORMS = "iphoneos iphonesimulator";
				SUPPORTS_MACCATALYST = NO;
				SUPPORTS_MAC_DESIGNED_FOR_IPHONE_IPAD = NO;
				SUPPORTS_XR_DESIGNED_FOR_IPHONE_IPAD = NO;
				SWIFT_EMIT_LOC_STRINGS = YES;
				SWIFT_VERSION = 5.0;
				TARGETED_DEVICE_FAMILY = 1;
			};
			name = Debug;
		};
		9E96DB942C07ADB600DF8C9F /* Release */ = {
			isa = XCBuildConfiguration;
			buildSettings = {
				ASSETCATALOG_COMPILER_APPICON_NAME = AppIcon;
				ASSETCATALOG_COMPILER_GLOBAL_ACCENT_COLOR_NAME = AccentColor;
				CODE_SIGN_STYLE = Automatic;
				CURRENT_PROJECT_VERSION = 1;
				DEVELOPMENT_TEAM = 9S7L4X8YJ8;
				GENERATE_INFOPLIST_FILE = YES;
				INFOPLIST_FILE = PhotoEditor/SupportFiles/Info.plist;
				INFOPLIST_KEY_NSPhotoLibraryAddUsageDescription = "Can I save picture?";
				INFOPLIST_KEY_UIApplicationSupportsIndirectInputEvents = YES;
				INFOPLIST_KEY_UILaunchStoryboardName = LaunchScreen;
				INFOPLIST_KEY_UIMainStoryboardFile = "";
				INFOPLIST_KEY_UISupportedInterfaceOrientations = "UIInterfaceOrientationLandscapeLeft UIInterfaceOrientationLandscapeRight UIInterfaceOrientationPortrait";
				INFOPLIST_KEY_UISupportedInterfaceOrientations_iPad = "UIInterfaceOrientationLandscapeLeft UIInterfaceOrientationLandscapeRight UIInterfaceOrientationPortrait UIInterfaceOrientationPortraitUpsideDown";
				LD_RUNPATH_SEARCH_PATHS = (
					"$(inherited)",
					"@executable_path/Frameworks",
				);
				MARKETING_VERSION = 1.0;
				PRODUCT_BUNDLE_IDENTIFIER = com.PhotoEditor;
				PRODUCT_NAME = "$(TARGET_NAME)";
				SUPPORTED_PLATFORMS = "iphoneos iphonesimulator";
				SUPPORTS_MACCATALYST = NO;
				SUPPORTS_MAC_DESIGNED_FOR_IPHONE_IPAD = NO;
				SUPPORTS_XR_DESIGNED_FOR_IPHONE_IPAD = NO;
				SWIFT_EMIT_LOC_STRINGS = YES;
				SWIFT_VERSION = 5.0;
				TARGETED_DEVICE_FAMILY = 1;
			};
			name = Release;
		};
/* End XCBuildConfiguration section */

/* Begin XCConfigurationList section */
		9E96DB792C07ADB300DF8C9F /* Build configuration list for PBXProject "PhotoEditor" */ = {
			isa = XCConfigurationList;
			buildConfigurations = (
				9E96DB902C07ADB600DF8C9F /* Debug */,
				9E96DB912C07ADB600DF8C9F /* Release */,
			);
			defaultConfigurationIsVisible = 0;
			defaultConfigurationName = Release;
		};
		9E96DB922C07ADB600DF8C9F /* Build configuration list for PBXNativeTarget "PhotoEditor" */ = {
			isa = XCConfigurationList;
			buildConfigurations = (
				9E96DB932C07ADB600DF8C9F /* Debug */,
				9E96DB942C07ADB600DF8C9F /* Release */,
			);
			defaultConfigurationIsVisible = 0;
			defaultConfigurationName = Release;
		};
/* End XCConfigurationList section */

/* Begin XCRemoteSwiftPackageReference section */
		9E96DB9D2C085FC400DF8C9F /* XCRemoteSwiftPackageReference "SnapKit" */ = {
			isa = XCRemoteSwiftPackageReference;
			repositoryURL = "https://github.com/SnapKit/SnapKit.git";
			requirement = {
				kind = upToNextMajorVersion;
				minimumVersion = 5.7.1;
			};
		};
/* End XCRemoteSwiftPackageReference section */

/* Begin XCSwiftPackageProductDependency section */
		9E96DB9E2C085FC400DF8C9F /* SnapKit */ = {
			isa = XCSwiftPackageProductDependency;
			package = 9E96DB9D2C085FC400DF8C9F /* XCRemoteSwiftPackageReference "SnapKit" */;
			productName = SnapKit;
		};
/* End XCSwiftPackageProductDependency section */
	};
	rootObject = 9E96DB762C07ADB300DF8C9F /* Project object */;
}
